
Microsoft Visual Studio Solution File, Format Version 12.00
# Visual Studio 14
VisualStudioVersion = 14.0.25420.1
MinimumVisualStudioVersion = 10.0.40219.1
Project("{FAE04EC0-301F-11D3-BF4B-00C04F79EFBC}") = "SimpleEmailSender.Core", "SimpleEmailSender.Core\SimpleEmailSender.Core.csproj", "{0390DD5D-7784-4F9C-9831-B3E9BE2B596B}"
EndProject
Project("{FAE04EC0-301F-11D3-BF4B-00C04F79EFBC}") = "SimpleEmailSender.Core.Tests", "SimpleEmailSender.Core.Tests\SimpleEmailSender.Core.Tests.csproj", "{3B77C361-49AE-42EB-8177-0EE76ACB1B02}"
EndProject
Global
	GlobalSection(SolutionConfigurationPlatforms) = preSolution
		Debug|Any CPU = Debug|Any CPU
		Release|Any CPU = Release|Any CPU
	EndGlobalSection
	GlobalSection(ProjectConfigurationPlatforms) = postSolution
		{0390DD5D-7784-4F9C-9831-B3E9BE2B596B}.Debug|Any CPU.ActiveCfg = Debug|Any CPU
		{0390DD5D-7784-4F9C-9831-B3E9BE2B596B}.Debug|Any CPU.Build.0 = Debug|Any CPU
		{0390DD5D-7784-4F9C-9831-B3E9BE2B596B}.Release|Any CPU.ActiveCfg = Release|Any CPU
		{0390DD5D-7784-4F9C-9831-B3E9BE2B596B}.Release|Any CPU.Build.0 = Release|Any CPU
		{3B77C361-49AE-42EB-8177-0EE76ACB1B02}.Debug|Any CPU.ActiveCfg = Debug|Any CPU
		{3B77C361-49AE-42EB-8177-0EE76ACB1B02}.Debug|Any CPU.Build.0 = Debug|Any CPU
		{3B77C361-49AE-42EB-8177-0EE76ACB1B02}.Release|Any CPU.ActiveCfg = Release|Any CPU
		{3B77C361-49AE-42EB-8177-0EE76ACB1B02}.Release|Any CPU.Build.0 = Release|Any CPU
	EndGlobalSection
	GlobalSection(SolutionProperties) = preSolution
		HideSolutionNode = FALSE
	EndGlobalSection
EndGlobal
